
Microsoft Visual Studio Solution File, Format Version 12.00
# Visual Studio Version 17
VisualStudioVersion = 17.9.34728.123
MinimumVisualStudioVersion = 10.0.40219.1
Project("{8BC9CEB8-8B4A-11D0-8D11-00A0C91BC942}") = "A - Intersection", "A - Intersection.vcxproj", "{B35FB159-13AF-4D26-B26A-94110B2A51D9}"
EndProject
Global
	GlobalSection(SolutionConfigurationPlatforms) = preSolution
		Debug|x64 = Debug|x64
		Debug|x86 = Debug|x86
		Release|x64 = Release|x64
		Release|x86 = Release|x86
	EndGlobalSection
	GlobalSection(ProjectConfigurationPlatforms) = postSolution
		{B35FB159-13AF-4D26-B26A-94110B2A51D9}.Debug|x64.ActiveCfg = Debug|x64
		{B35FB159-13AF-4D26-B26A-94110B2A51D9}.Debug|x64.Build.0 = Debug|x64
		{B35FB159-13AF-4D26-B26A-94110B2A51D9}.Debug|x86.ActiveCfg = Debug|Win32
		{B35FB159-13AF-4D26-B26A-94110B2A51D9}.Debug|x86.Build.0 = Debug|Win32
		{B35FB159-13AF-4D26-B26A-94110B2A51D9}.Release|x64.ActiveCfg = Release|x64
		{B35FB159-13AF-4D26-B26A-94110B2A51D9}.Release|x64.Build.0 = Release|x64
		{B35FB159-13AF-4D26-B26A-94110B2A51D9}.Release|x86.ActiveCfg = Release|Win32
		{B35FB159-13AF-4D26-B26A-94110B2A51D9}.Release|x86.Build.0 = Release|Win32
	EndGlobalSection
	GlobalSection(SolutionProperties) = preSolution
		HideSolutionNode = FALSE
	EndGlobalSection
	GlobalSection(ExtensibilityGlobals) = postSolution
		SolutionGuid = {9AAF0E12-3CEE-4016-8B27-041AF8D51DD0}
	EndGlobalSection
EndGlobal
