
Microsoft Visual Studio Solution File, Format Version 12.00
# Visual Studio Version 17
VisualStudioVersion = 17.9.34728.123
MinimumVisualStudioVersion = 10.0.40219.1
Project("{8BC9CEB8-8B4A-11D0-8D11-00A0C91BC942}") = "A - 1-2-4 Test", "A - 1-2-4 Test.vcxproj", "{C78571A6-D345-4A75-B155-409F092B8072}"
EndProject
Global
	GlobalSection(SolutionConfigurationPlatforms) = preSolution
		Debug|x64 = Debug|x64
		Debug|x86 = Debug|x86
		Release|x64 = Release|x64
		Release|x86 = Release|x86
	EndGlobalSection
	GlobalSection(ProjectConfigurationPlatforms) = postSolution
		{C78571A6-D345-4A75-B155-409F092B8072}.Debug|x64.ActiveCfg = Debug|x64
		{C78571A6-D345-4A75-B155-409F092B8072}.Debug|x64.Build.0 = Debug|x64
		{C78571A6-D345-4A75-B155-409F092B8072}.Debug|x86.ActiveCfg = Debug|Win32
		{C78571A6-D345-4A75-B155-409F092B8072}.Debug|x86.Build.0 = Debug|Win32
		{C78571A6-D345-4A75-B155-409F092B8072}.Release|x64.ActiveCfg = Release|x64
		{C78571A6-D345-4A75-B155-409F092B8072}.Release|x64.Build.0 = Release|x64
		{C78571A6-D345-4A75-B155-409F092B8072}.Release|x86.ActiveCfg = Release|Win32
		{C78571A6-D345-4A75-B155-409F092B8072}.Release|x86.Build.0 = Release|Win32
	EndGlobalSection
	GlobalSection(SolutionProperties) = preSolution
		HideSolutionNode = FALSE
	EndGlobalSection
	GlobalSection(ExtensibilityGlobals) = postSolution
		SolutionGuid = {C3A79584-58FD-4935-95EE-14E528075FB1}
	EndGlobalSection
EndGlobal
